// !$*UTF8*$!
{
	archiveVersion = 1;
	classes = {
	};
	objectVersion = 56;
	objects = {

/* Begin PBXBuildFile section */
		549BDEDC2C993F24009F7F16 /* AppDelegate.swift in Sources */ = {isa = PBXBuildFile; fileRef = 549BDEDB2C993F24009F7F16 /* AppDelegate.swift */; };
		549BDEDE2C993F24009F7F16 /* SceneDelegate.swift in Sources */ = {isa = PBXBuildFile; fileRef = 549BDEDD2C993F24009F7F16 /* SceneDelegate.swift */; };
		549BDEE02C993F24009F7F16 /* ViewController.swift in Sources */ = {isa = PBXBuildFile; fileRef = 549BDEDF2C993F24009F7F16 /* ViewController.swift */; };
		549BDEE32C993F24009F7F16 /* Main.storyboard in Resources */ = {isa = PBXBuildFile; fileRef = 549BDEE12C993F24009F7F16 /* Main.storyboard */; };
		549BDEE52C993F26009F7F16 /* Assets.xcassets in Resources */ = {isa = PBXBuildFile; fileRef = 549BDEE42C993F26009F7F16 /* Assets.xcassets */; };
		549BDEE82C993F26009F7F16 /* LaunchScreen.storyboard in Resources */ = {isa = PBXBuildFile; fileRef = 549BDEE62C993F26009F7F16 /* LaunchScreen.storyboard */; };
		549BDEF22C993F9D009F7F16 /* ChatTableViewCell.swift in Sources */ = {isa = PBXBuildFile; fileRef = 549BDEF02C993F9D009F7F16 /* ChatTableViewCell.swift */; };
		549BDEF32C993F9D009F7F16 /* ChatTableViewCell.xib in Resources */ = {isa = PBXBuildFile; fileRef = 549BDEF12C993F9D009F7F16 /* ChatTableViewCell.xib */; };
		549BDEF62C994478009F7F16 /* CustomHeaderView.swift in Sources */ = {isa = PBXBuildFile; fileRef = 549BDEF52C994478009F7F16 /* CustomHeaderView.swift */; };
		549BDEF82C9944DF009F7F16 /* ChatDetailViewController.swift in Sources */ = {isa = PBXBuildFile; fileRef = 549BDEF72C9944DF009F7F16 /* ChatDetailViewController.swift */; };
		549BDEFB2C994A61009F7F16 /* MessageInputView.swift in Sources */ = {isa = PBXBuildFile; fileRef = 549BDEFA2C994A61009F7F16 /* MessageInputView.swift */; };
		549BDEFD2C994CE4009F7F16 /* IncomingMessageCell.swift in Sources */ = {isa = PBXBuildFile; fileRef = 549BDEFC2C994CE4009F7F16 /* IncomingMessageCell.swift */; };
		549BDEFF2C994D00009F7F16 /* OutgoingMessageCell.swift in Sources */ = {isa = PBXBuildFile; fileRef = 549BDEFE2C994D00009F7F16 /* OutgoingMessageCell.swift */; };
		54B3E8F82C995B530063C5EB /* SacrenaTests.swift in Sources */ = {isa = PBXBuildFile; fileRef = 54B3E8F72C995B530063C5EB /* SacrenaTests.swift */; };
		54B3E9052C995B810063C5EB /* SacrenaUITests.swift in Sources */ = {isa = PBXBuildFile; fileRef = 54B3E9042C995B810063C5EB /* SacrenaUITests.swift */; };
		54B3E9072C995B810063C5EB /* SacrenaUITestsLaunchTests.swift in Sources */ = {isa = PBXBuildFile; fileRef = 54B3E9062C995B810063C5EB /* SacrenaUITestsLaunchTests.swift */; };
		54F58D3B2C99681A008CB190 /* StreamChat in Frameworks */ = {isa = PBXBuildFile; productRef = 54F58D3A2C99681A008CB190 /* StreamChat */; };
		54F58D3E2C99748B008CB190 /* ChatManager.swift in Sources */ = {isa = PBXBuildFile; fileRef = 54F58D3D2C99748B008CB190 /* ChatManager.swift */; };
		D598B7051049DED67A71D7D2 /* Pods_Sacrena.framework in Frameworks */ = {isa = PBXBuildFile; fileRef = 06A941E4ED660265280B5538 /* Pods_Sacrena.framework */; };
/* End PBXBuildFile section */

/* Begin PBXContainerItemProxy section */
		54B3E8F92C995B530063C5EB /* PBXContainerItemProxy */ = {
			isa = PBXContainerItemProxy;
			containerPortal = 549BDED02C993F24009F7F16 /* Project object */;
			proxyType = 1;
			remoteGlobalIDString = 549BDED72C993F24009F7F16;
			remoteInfo = Sacrena;
		};
		54B3E9082C995B810063C5EB /* PBXContainerItemProxy */ = {
			isa = PBXContainerItemProxy;
			containerPortal = 549BDED02C993F24009F7F16 /* Project object */;
			proxyType = 1;
			remoteGlobalIDString = 549BDED72C993F24009F7F16;
			remoteInfo = Sacrena;
		};
/* End PBXContainerItemProxy section */

/* Begin PBXFileReference section */
		06A941E4ED660265280B5538 /* Pods_Sacrena.framework */ = {isa = PBXFileReference; explicitFileType = wrapper.framework; includeInIndex = 0; path = Pods_Sacrena.framework; sourceTree = BUILT_PRODUCTS_DIR; };
		2FD2159792292AF93E79B0C8 /* Pods-Sacrena.debug.xcconfig */ = {isa = PBXFileReference; includeInIndex = 1; lastKnownFileType = text.xcconfig; name = "Pods-Sacrena.debug.xcconfig"; path = "Target Support Files/Pods-Sacrena/Pods-Sacrena.debug.xcconfig"; sourceTree = "<group>"; };
		549BDED82C993F24009F7F16 /* Sacrena.app */ = {isa = PBXFileReference; explicitFileType = wrapper.application; includeInIndex = 0; path = Sacrena.app; sourceTree = BUILT_PRODUCTS_DIR; };
		549BDEDB2C993F24009F7F16 /* AppDelegate.swift */ = {isa = PBXFileReference; lastKnownFileType = sourcecode.swift; path = AppDelegate.swift; sourceTree = "<group>"; };
		549BDEDD2C993F24009F7F16 /* SceneDelegate.swift */ = {isa = PBXFileReference; lastKnownFileType = sourcecode.swift; path = SceneDelegate.swift; sourceTree = "<group>"; };
		549BDEDF2C993F24009F7F16 /* ViewController.swift */ = {isa = PBXFileReference; lastKnownFileType = sourcecode.swift; path = ViewController.swift; sourceTree = "<group>"; };
		549BDEE22C993F24009F7F16 /* Base */ = {isa = PBXFileReference; lastKnownFileType = file.storyboard; name = Base; path = Base.lproj/Main.storyboard; sourceTree = "<group>"; };
		549BDEE42C993F26009F7F16 /* Assets.xcassets */ = {isa = PBXFileReference; lastKnownFileType = folder.assetcatalog; path = Assets.xcassets; sourceTree = "<group>"; };
		549BDEE72C993F26009F7F16 /* Base */ = {isa = PBXFileReference; lastKnownFileType = file.storyboard; name = Base; path = Base.lproj/LaunchScreen.storyboard; sourceTree = "<group>"; };
		549BDEE92C993F26009F7F16 /* Info.plist */ = {isa = PBXFileReference; lastKnownFileType = text.plist.xml; path = Info.plist; sourceTree = "<group>"; };
		549BDEF02C993F9D009F7F16 /* ChatTableViewCell.swift */ = {isa = PBXFileReference; lastKnownFileType = sourcecode.swift; path = ChatTableViewCell.swift; sourceTree = "<group>"; };
		549BDEF12C993F9D009F7F16 /* ChatTableViewCell.xib */ = {isa = PBXFileReference; lastKnownFileType = file.xib; path = ChatTableViewCell.xib; sourceTree = "<group>"; };
		549BDEF52C994478009F7F16 /* CustomHeaderView.swift */ = {isa = PBXFileReference; lastKnownFileType = sourcecode.swift; path = CustomHeaderView.swift; sourceTree = "<group>"; };
		549BDEF72C9944DF009F7F16 /* ChatDetailViewController.swift */ = {isa = PBXFileReference; lastKnownFileType = sourcecode.swift; path = ChatDetailViewController.swift; sourceTree = "<group>"; };
		549BDEFA2C994A61009F7F16 /* MessageInputView.swift */ = {isa = PBXFileReference; lastKnownFileType = sourcecode.swift; path = MessageInputView.swift; sourceTree = "<group>"; };
		549BDEFC2C994CE4009F7F16 /* IncomingMessageCell.swift */ = {isa = PBXFileReference; lastKnownFileType = sourcecode.swift; path = IncomingMessageCell.swift; sourceTree = "<group>"; };
		549BDEFE2C994D00009F7F16 /* OutgoingMessageCell.swift */ = {isa = PBXFileReference; lastKnownFileType = sourcecode.swift; path = OutgoingMessageCell.swift; sourceTree = "<group>"; };
		54B3E8F52C995B530063C5EB /* SacrenaTests.xctest */ = {isa = PBXFileReference; explicitFileType = wrapper.cfbundle; includeInIndex = 0; path = SacrenaTests.xctest; sourceTree = BUILT_PRODUCTS_DIR; };
		54B3E8F72C995B530063C5EB /* SacrenaTests.swift */ = {isa = PBXFileReference; lastKnownFileType = sourcecode.swift; path = SacrenaTests.swift; sourceTree = "<group>"; };
		54B3E9022C995B810063C5EB /* SacrenaUITests.xctest */ = {isa = PBXFileReference; explicitFileType = wrapper.cfbundle; includeInIndex = 0; path = SacrenaUITests.xctest; sourceTree = BUILT_PRODUCTS_DIR; };
		54B3E9042C995B810063C5EB /* SacrenaUITests.swift */ = {isa = PBXFileReference; lastKnownFileType = sourcecode.swift; path = SacrenaUITests.swift; sourceTree = "<group>"; };
		54B3E9062C995B810063C5EB /* SacrenaUITestsLaunchTests.swift */ = {isa = PBXFileReference; lastKnownFileType = sourcecode.swift; path = SacrenaUITestsLaunchTests.swift; sourceTree = "<group>"; };
		54F58D3D2C99748B008CB190 /* ChatManager.swift */ = {isa = PBXFileReference; lastKnownFileType = sourcecode.swift; path = ChatManager.swift; sourceTree = "<group>"; };
		F8559499500D87B15517344B /* Pods-Sacrena.release.xcconfig */ = {isa = PBXFileReference; includeInIndex = 1; lastKnownFileType = text.xcconfig; name = "Pods-Sacrena.release.xcconfig"; path = "Target Support Files/Pods-Sacrena/Pods-Sacrena.release.xcconfig"; sourceTree = "<group>"; };
/* End PBXFileReference section */

/* Begin PBXFrameworksBuildPhase section */
		549BDED52C993F24009F7F16 /* Frameworks */ = {
			isa = PBXFrameworksBuildPhase;
			buildActionMask = 2147483647;
			files = (
				54F58D3B2C99681A008CB190 /* StreamChat in Frameworks */,
				D598B7051049DED67A71D7D2 /* Pods_Sacrena.framework in Frameworks */,
			);
			runOnlyForDeploymentPostprocessing = 0;
		};
		54B3E8F22C995B530063C5EB /* Frameworks */ = {
			isa = PBXFrameworksBuildPhase;
			buildActionMask = 2147483647;
			files = (
			);
			runOnlyForDeploymentPostprocessing = 0;
		};
		54B3E8FF2C995B810063C5EB /* Frameworks */ = {
			isa = PBXFrameworksBuildPhase;
			buildActionMask = 2147483647;
			files = (
			);
			runOnlyForDeploymentPostprocessing = 0;
		};
/* End PBXFrameworksBuildPhase section */

/* Begin PBXGroup section */
		52417B158E66F518DA1A1CCA /* Pods */ = {
			isa = PBXGroup;
			children = (
				2FD2159792292AF93E79B0C8 /* Pods-Sacrena.debug.xcconfig */,
				F8559499500D87B15517344B /* Pods-Sacrena.release.xcconfig */,
			);
			path = Pods;
			sourceTree = "<group>";
		};
		5452F8652C9A13F700692911 /* Other */ = {
			isa = PBXGroup;
			children = (
				549BDEDB2C993F24009F7F16 /* AppDelegate.swift */,
				549BDEDD2C993F24009F7F16 /* SceneDelegate.swift */,
			);
			path = Other;
			sourceTree = "<group>";
		};
		549BDECF2C993F24009F7F16 = {
			isa = PBXGroup;
			children = (
				549BDEDA2C993F24009F7F16 /* Sacrena */,
				54B3E8F62C995B530063C5EB /* SacrenaTests */,
				54B3E9032C995B810063C5EB /* SacrenaUITests */,
				549BDED92C993F24009F7F16 /* Products */,
				52417B158E66F518DA1A1CCA /* Pods */,
				FB2A00D14FD75C334A873C5A /* Frameworks */,
			);
			sourceTree = "<group>";
		};
		549BDED92C993F24009F7F16 /* Products */ = {
			isa = PBXGroup;
			children = (
				549BDED82C993F24009F7F16 /* Sacrena.app */,
				54B3E8F52C995B530063C5EB /* SacrenaTests.xctest */,
				54B3E9022C995B810063C5EB /* SacrenaUITests.xctest */,
			);
			name = Products;
			sourceTree = "<group>";
		};
		549BDEDA2C993F24009F7F16 /* Sacrena */ = {
			isa = PBXGroup;
			children = (
				5452F8652C9A13F700692911 /* Other */,
				54F58D3C2C997480008CB190 /* Utility */,
				549BDEEF2C993F48009F7F16 /* View */,
				549BDEDF2C993F24009F7F16 /* ViewController.swift */,
				549BDEF72C9944DF009F7F16 /* ChatDetailViewController.swift */,
				549BDEE12C993F24009F7F16 /* Main.storyboard */,
				549BDEE42C993F26009F7F16 /* Assets.xcassets */,
				549BDEE62C993F26009F7F16 /* LaunchScreen.storyboard */,
				549BDEE92C993F26009F7F16 /* Info.plist */,
			);
			path = Sacrena;
			sourceTree = "<group>";
		};
		549BDEEF2C993F48009F7F16 /* View */ = {
			isa = PBXGroup;
			children = (
				549BDEF92C994A4B009F7F16 /* MessageInput */,
				549BDEF42C994464009F7F16 /* CustomHeader */,
				549BDEF02C993F9D009F7F16 /* ChatTableViewCell.swift */,
				549BDEF12C993F9D009F7F16 /* ChatTableViewCell.xib */,
				549BDEFC2C994CE4009F7F16 /* IncomingMessageCell.swift */,
				549BDEFE2C994D00009F7F16 /* OutgoingMessageCell.swift */,
			);
			path = View;
			sourceTree = "<group>";
		};
		549BDEF42C994464009F7F16 /* CustomHeader */ = {
			isa = PBXGroup;
			children = (
				549BDEF52C994478009F7F16 /* CustomHeaderView.swift */,
			);
			path = CustomHeader;
			sourceTree = "<group>";
		};
		549BDEF92C994A4B009F7F16 /* MessageInput */ = {
			isa = PBXGroup;
			children = (
				549BDEFA2C994A61009F7F16 /* MessageInputView.swift */,
			);
			path = MessageInput;
			sourceTree = "<group>";
		};
		54B3E8F62C995B530063C5EB /* SacrenaTests */ = {
			isa = PBXGroup;
			children = (
				54B3E8F72C995B530063C5EB /* SacrenaTests.swift */,
			);
			path = SacrenaTests;
			sourceTree = "<group>";
		};
		54B3E9032C995B810063C5EB /* SacrenaUITests */ = {
			isa = PBXGroup;
			children = (
				54B3E9042C995B810063C5EB /* SacrenaUITests.swift */,
				54B3E9062C995B810063C5EB /* SacrenaUITestsLaunchTests.swift */,
			);
			path = SacrenaUITests;
			sourceTree = "<group>";
		};
		54F58D3C2C997480008CB190 /* Utility */ = {
			isa = PBXGroup;
			children = (
				54F58D3D2C99748B008CB190 /* ChatManager.swift */,
			);
			path = Utility;
			sourceTree = "<group>";
		};
		FB2A00D14FD75C334A873C5A /* Frameworks */ = {
			isa = PBXGroup;
			children = (
				06A941E4ED660265280B5538 /* Pods_Sacrena.framework */,
			);
			name = Frameworks;
			sourceTree = "<group>";
		};
/* End PBXGroup section */

/* Begin PBXNativeTarget section */
		549BDED72C993F24009F7F16 /* Sacrena */ = {
			isa = PBXNativeTarget;
			buildConfigurationList = 549BDEEC2C993F26009F7F16 /* Build configuration list for PBXNativeTarget "Sacrena" */;
			buildPhases = (
				EBD0AF739234E40ABB3F3BA4 /* [CP] Check Pods Manifest.lock */,
				549BDED42C993F24009F7F16 /* Sources */,
				549BDED52C993F24009F7F16 /* Frameworks */,
				549BDED62C993F24009F7F16 /* Resources */,
			);
			buildRules = (
			);
			dependencies = (
			);
			name = Sacrena;
			packageProductDependencies = (
				54F58D3A2C99681A008CB190 /* StreamChat */,
			);
			productName = Sacrena;
			productReference = 549BDED82C993F24009F7F16 /* Sacrena.app */;
			productType = "com.apple.product-type.application";
		};
		54B3E8F42C995B530063C5EB /* SacrenaTests */ = {
			isa = PBXNativeTarget;
			buildConfigurationList = 54B3E8FB2C995B530063C5EB /* Build configuration list for PBXNativeTarget "SacrenaTests" */;
			buildPhases = (
				54B3E8F12C995B530063C5EB /* Sources */,
				54B3E8F22C995B530063C5EB /* Frameworks */,
				54B3E8F32C995B530063C5EB /* Resources */,
			);
			buildRules = (
			);
			dependencies = (
				54B3E8FA2C995B530063C5EB /* PBXTargetDependency */,
			);
			name = SacrenaTests;
			productName = SacrenaTests;
			productReference = 54B3E8F52C995B530063C5EB /* SacrenaTests.xctest */;
			productType = "com.apple.product-type.bundle.unit-test";
		};
		54B3E9012C995B810063C5EB /* SacrenaUITests */ = {
			isa = PBXNativeTarget;
			buildConfigurationList = 54B3E90A2C995B810063C5EB /* Build configuration list for PBXNativeTarget "SacrenaUITests" */;
			buildPhases = (
				54B3E8FE2C995B810063C5EB /* Sources */,
				54B3E8FF2C995B810063C5EB /* Frameworks */,
				54B3E9002C995B810063C5EB /* Resources */,
			);
			buildRules = (
			);
			dependencies = (
				54B3E9092C995B810063C5EB /* PBXTargetDependency */,
			);
			name = SacrenaUITests;
			productName = SacrenaUITests;
			productReference = 54B3E9022C995B810063C5EB /* SacrenaUITests.xctest */;
			productType = "com.apple.product-type.bundle.ui-testing";
		};
/* End PBXNativeTarget section */

/* Begin PBXProject section */
		549BDED02C993F24009F7F16 /* Project object */ = {
			isa = PBXProject;
			attributes = {
				BuildIndependentTargetsInParallel = 1;
				LastSwiftUpdateCheck = 1510;
				LastUpgradeCheck = 1510;
				TargetAttributes = {
					549BDED72C993F24009F7F16 = {
						CreatedOnToolsVersion = 15.1;
					};
					54B3E8F42C995B530063C5EB = {
						CreatedOnToolsVersion = 15.1;
						TestTargetID = 549BDED72C993F24009F7F16;
					};
					54B3E9012C995B810063C5EB = {
						CreatedOnToolsVersion = 15.1;
						TestTargetID = 549BDED72C993F24009F7F16;
					};
				};
			};
			buildConfigurationList = 549BDED32C993F24009F7F16 /* Build configuration list for PBXProject "Sacrena" */;
			compatibilityVersion = "Xcode 14.0";
			developmentRegion = en;
			hasScannedForEncodings = 0;
			knownRegions = (
				en,
				Base,
			);
			mainGroup = 549BDECF2C993F24009F7F16;
			packageReferences = (
				54F58D392C99681A008CB190 /* XCRemoteSwiftPackageReference "stream-chat-swift" */,
			);
			productRefGroup = 549BDED92C993F24009F7F16 /* Products */;
			projectDirPath = "";
			projectRoot = "";
			targets = (
				549BDED72C993F24009F7F16 /* Sacrena */,
				54B3E8F42C995B530063C5EB /* SacrenaTests */,
				54B3E9012C995B810063C5EB /* SacrenaUITests */,
			);
		};
/* End PBXProject section */

/* Begin PBXResourcesBuildPhase section */
		549BDED62C993F24009F7F16 /* Resources */ = {
			isa = PBXResourcesBuildPhase;
			buildActionMask = 2147483647;
			files = (
				549BDEE82C993F26009F7F16 /* LaunchScreen.storyboard in Resources */,
				549BDEF32C993F9D009F7F16 /* ChatTableViewCell.xib in Resources */,
				549BDEE52C993F26009F7F16 /* Assets.xcassets in Resources */,
				549BDEE32C993F24009F7F16 /* Main.storyboard in Resources */,
			);
			runOnlyForDeploymentPostprocessing = 0;
		};
		54B3E8F32C995B530063C5EB /* Resources */ = {
			isa = PBXResourcesBuildPhase;
			buildActionMask = 2147483647;
			files = (
			);
			runOnlyForDeploymentPostprocessing = 0;
		};
		54B3E9002C995B810063C5EB /* Resources */ = {
			isa = PBXResourcesBuildPhase;
			buildActionMask = 2147483647;
			files = (
			);
			runOnlyForDeploymentPostprocessing = 0;
		};
/* End PBXResourcesBuildPhase section */

/* Begin PBXShellScriptBuildPhase section */
		EBD0AF739234E40ABB3F3BA4 /* [CP] Check Pods Manifest.lock */ = {
			isa = PBXShellScriptBuildPhase;
			buildActionMask = 2147483647;
			files = (
			);
			inputFileListPaths = (
			);
			inputPaths = (
				"${PODS_PODFILE_DIR_PATH}/Podfile.lock",
				"${PODS_ROOT}/Manifest.lock",
			);
			name = "[CP] Check Pods Manifest.lock";
			outputFileListPaths = (
			);
			outputPaths = (
				"$(DERIVED_FILE_DIR)/Pods-Sacrena-checkManifestLockResult.txt",
			);
			runOnlyForDeploymentPostprocessing = 0;
			shellPath = /bin/sh;
			shellScript = "diff \"${PODS_PODFILE_DIR_PATH}/Podfile.lock\" \"${PODS_ROOT}/Manifest.lock\" > /dev/null\nif [ $? != 0 ] ; then\n    # print error to STDERR\n    echo \"error: The sandbox is not in sync with the Podfile.lock. Run 'pod install' or update your CocoaPods installation.\" >&2\n    exit 1\nfi\n# This output is used by Xcode 'outputs' to avoid re-running this script phase.\necho \"SUCCESS\" > \"${SCRIPT_OUTPUT_FILE_0}\"\n";
			showEnvVarsInLog = 0;
		};
/* End PBXShellScriptBuildPhase section */

/* Begin PBXSourcesBuildPhase section */
		549BDED42C993F24009F7F16 /* Sources */ = {
			isa = PBXSourcesBuildPhase;
			buildActionMask = 2147483647;
			files = (
				549BDEE02C993F24009F7F16 /* ViewController.swift in Sources */,
				549BDEF22C993F9D009F7F16 /* ChatTableViewCell.swift in Sources */,
				549BDEFB2C994A61009F7F16 /* MessageInputView.swift in Sources */,
				549BDEDC2C993F24009F7F16 /* AppDelegate.swift in Sources */,
				549BDEDE2C993F24009F7F16 /* SceneDelegate.swift in Sources */,
				54F58D3E2C99748B008CB190 /* ChatManager.swift in Sources */,
				549BDEFD2C994CE4009F7F16 /* IncomingMessageCell.swift in Sources */,
				549BDEF62C994478009F7F16 /* CustomHeaderView.swift in Sources */,
				549BDEFF2C994D00009F7F16 /* OutgoingMessageCell.swift in Sources */,
				549BDEF82C9944DF009F7F16 /* ChatDetailViewController.swift in Sources */,
			);
			runOnlyForDeploymentPostprocessing = 0;
		};
		54B3E8F12C995B530063C5EB /* Sources */ = {
			isa = PBXSourcesBuildPhase;
			buildActionMask = 2147483647;
			files = (
				54B3E8F82C995B530063C5EB /* SacrenaTests.swift in Sources */,
			);
			runOnlyForDeploymentPostprocessing = 0;
		};
		54B3E8FE2C995B810063C5EB /* Sources */ = {
			isa = PBXSourcesBuildPhase;
			buildActionMask = 2147483647;
			files = (
				54B3E9072C995B810063C5EB /* SacrenaUITestsLaunchTests.swift in Sources */,
				54B3E9052C995B810063C5EB /* SacrenaUITests.swift in Sources */,
			);
			runOnlyForDeploymentPostprocessing = 0;
		};
/* End PBXSourcesBuildPhase section */

/* Begin PBXTargetDependency section */
		54B3E8FA2C995B530063C5EB /* PBXTargetDependency */ = {
			isa = PBXTargetDependency;
			target = 549BDED72C993F24009F7F16 /* Sacrena */;
			targetProxy = 54B3E8F92C995B530063C5EB /* PBXContainerItemProxy */;
		};
		54B3E9092C995B810063C5EB /* PBXTargetDependency */ = {
			isa = PBXTargetDependency;
			target = 549BDED72C993F24009F7F16 /* Sacrena */;
			targetProxy = 54B3E9082C995B810063C5EB /* PBXContainerItemProxy */;
		};
/* End PBXTargetDependency section */

/* Begin PBXVariantGroup section */
		549BDEE12C993F24009F7F16 /* Main.storyboard */ = {
			isa = PBXVariantGroup;
			children = (
				549BDEE22C993F24009F7F16 /* Base */,
			);
			name = Main.storyboard;
			sourceTree = "<group>";
		};
		549BDEE62C993F26009F7F16 /* LaunchScreen.storyboard */ = {
			isa = PBXVariantGroup;
			children = (
				549BDEE72C993F26009F7F16 /* Base */,
			);
			name = LaunchScreen.storyboard;
			sourceTree = "<group>";
		};
/* End PBXVariantGroup section */

/* Begin XCBuildConfiguration section */
		549BDEEA2C993F26009F7F16 /* Debug */ = {
			isa = XCBuildConfiguration;
			buildSettings = {
				ALWAYS_SEARCH_USER_PATHS = NO;
				ASSETCATALOG_COMPILER_GENERATE_SWIFT_ASSET_SYMBOL_EXTENSIONS = YES;
				CLANG_ANALYZER_NONNULL = YES;
				CLANG_ANALYZER_NUMBER_OBJECT_CONVERSION = YES_AGGRESSIVE;
				CLANG_CXX_LANGUAGE_STANDARD = "gnu++20";
				CLANG_ENABLE_MODULES = YES;
				CLANG_ENABLE_OBJC_ARC = YES;
				CLANG_ENABLE_OBJC_WEAK = YES;
				CLANG_WARN_BLOCK_CAPTURE_AUTORELEASING = YES;
				CLANG_WARN_BOOL_CONVERSION = YES;
				CLANG_WARN_COMMA = YES;
				CLANG_WARN_CONSTANT_CONVERSION = YES;
				CLANG_WARN_DEPRECATED_OBJC_IMPLEMENTATIONS = YES;
				CLANG_WARN_DIRECT_OBJC_ISA_USAGE = YES_ERROR;
				CLANG_WARN_DOCUMENTATION_COMMENTS = YES;
				CLANG_WARN_EMPTY_BODY = YES;
				CLANG_WARN_ENUM_CONVERSION = YES;
				CLANG_WARN_INFINITE_RECURSION = YES;
				CLANG_WARN_INT_CONVERSION = YES;
				CLANG_WARN_NON_LITERAL_NULL_CONVERSION = YES;
				CLANG_WARN_OBJC_IMPLICIT_RETAIN_SELF = YES;
				CLANG_WARN_OBJC_LITERAL_CONVERSION = YES;
				CLANG_WARN_OBJC_ROOT_CLASS = YES_ERROR;
				CLANG_WARN_QUOTED_INCLUDE_IN_FRAMEWORK_HEADER = YES;
				CLANG_WARN_RANGE_LOOP_ANALYSIS = YES;
				CLANG_WARN_STRICT_PROTOTYPES = YES;
				CLANG_WARN_SUSPICIOUS_MOVE = YES;
				CLANG_WARN_UNGUARDED_AVAILABILITY = YES_AGGRESSIVE;
				CLANG_WARN_UNREACHABLE_CODE = YES;
				CLANG_WARN__DUPLICATE_METHOD_MATCH = YES;
				COPY_PHASE_STRIP = NO;
				DEBUG_INFORMATION_FORMAT = dwarf;
				ENABLE_STRICT_OBJC_MSGSEND = YES;
				ENABLE_TESTABILITY = YES;
				ENABLE_USER_SCRIPT_SANDBOXING = YES;
				GCC_C_LANGUAGE_STANDARD = gnu17;
				GCC_DYNAMIC_NO_PIC = NO;
				GCC_NO_COMMON_BLOCKS = YES;
				GCC_OPTIMIZATION_LEVEL = 0;
				GCC_PREPROCESSOR_DEFINITIONS = (
					"DEBUG=1",
					"$(inherited)",
				);
				GCC_WARN_64_TO_32_BIT_CONVERSION = YES;
				GCC_WARN_ABOUT_RETURN_TYPE = YES_ERROR;
				GCC_WARN_UNDECLARED_SELECTOR = YES;
				GCC_WARN_UNINITIALIZED_AUTOS = YES_AGGRESSIVE;
				GCC_WARN_UNUSED_FUNCTION = YES;
				GCC_WARN_UNUSED_VARIABLE = YES;
				IPHONEOS_DEPLOYMENT_TARGET = 17.2;
				LOCALIZATION_PREFERS_STRING_CATALOGS = YES;
				MTL_ENABLE_DEBUG_INFO = INCLUDE_SOURCE;
				MTL_FAST_MATH = YES;
				ONLY_ACTIVE_ARCH = YES;
				SDKROOT = iphoneos;
				SWIFT_ACTIVE_COMPILATION_CONDITIONS = "DEBUG $(inherited)";
				SWIFT_OPTIMIZATION_LEVEL = "-Onone";
			};
			name = Debug;
		};
		549BDEEB2C993F26009F7F16 /* Release */ = {
			isa = XCBuildConfiguration;
			buildSettings = {
				ALWAYS_SEARCH_USER_PATHS = NO;
				ASSETCATALOG_COMPILER_GENERATE_SWIFT_ASSET_SYMBOL_EXTENSIONS = YES;
				CLANG_ANALYZER_NONNULL = YES;
				CLANG_ANALYZER_NUMBER_OBJECT_CONVERSION = YES_AGGRESSIVE;
				CLANG_CXX_LANGUAGE_STANDARD = "gnu++20";
				CLANG_ENABLE_MODULES = YES;
				CLANG_ENABLE_OBJC_ARC = YES;
				CLANG_ENABLE_OBJC_WEAK = YES;
				CLANG_WARN_BLOCK_CAPTURE_AUTORELEASING = YES;
				CLANG_WARN_BOOL_CONVERSION = YES;
				CLANG_WARN_COMMA = YES;
				CLANG_WARN_CONSTANT_CONVERSION = YES;
				CLANG_WARN_DEPRECATED_OBJC_IMPLEMENTATIONS = YES;
				CLANG_WARN_DIRECT_OBJC_ISA_USAGE = YES_ERROR;
				CLANG_WARN_DOCUMENTATION_COMMENTS = YES;
				CLANG_WARN_EMPTY_BODY = YES;
				CLANG_WARN_ENUM_CONVERSION = YES;
				CLANG_WARN_INFINITE_RECURSION = YES;
				CLANG_WARN_INT_CONVERSION = YES;
				CLANG_WARN_NON_LITERAL_NULL_CONVERSION = YES;
				CLANG_WARN_OBJC_IMPLICIT_RETAIN_SELF = YES;
				CLANG_WARN_OBJC_LITERAL_CONVERSION = YES;
				CLANG_WARN_OBJC_ROOT_CLASS = YES_ERROR;
				CLANG_WARN_QUOTED_INCLUDE_IN_FRAMEWORK_HEADER = YES;
				CLANG_WARN_RANGE_LOOP_ANALYSIS = YES;
				CLANG_WARN_STRICT_PROTOTYPES = YES;
				CLANG_WARN_SUSPICIOUS_MOVE = YES;
				CLANG_WARN_UNGUARDED_AVAILABILITY = YES_AGGRESSIVE;
				CLANG_WARN_UNREACHABLE_CODE = YES;
				CLANG_WARN__DUPLICATE_METHOD_MATCH = YES;
				COPY_PHASE_STRIP = NO;
				DEBUG_INFORMATION_FORMAT = "dwarf-with-dsym";
				ENABLE_NS_ASSERTIONS = NO;
				ENABLE_STRICT_OBJC_MSGSEND = YES;
				ENABLE_USER_SCRIPT_SANDBOXING = YES;
				GCC_C_LANGUAGE_STANDARD = gnu17;
				GCC_NO_COMMON_BLOCKS = YES;
				GCC_WARN_64_TO_32_BIT_CONVERSION = YES;
				GCC_WARN_ABOUT_RETURN_TYPE = YES_ERROR;
				GCC_WARN_UNDECLARED_SELECTOR = YES;
				GCC_WARN_UNINITIALIZED_AUTOS = YES_AGGRESSIVE;
				GCC_WARN_UNUSED_FUNCTION = YES;
				GCC_WARN_UNUSED_VARIABLE = YES;
				IPHONEOS_DEPLOYMENT_TARGET = 17.2;
				LOCALIZATION_PREFERS_STRING_CATALOGS = YES;
				MTL_ENABLE_DEBUG_INFO = NO;
				MTL_FAST_MATH = YES;
				SDKROOT = iphoneos;
				SWIFT_COMPILATION_MODE = wholemodule;
				VALIDATE_PRODUCT = YES;
			};
			name = Release;
		};
		549BDEED2C993F26009F7F16 /* Debug */ = {
			isa = XCBuildConfiguration;
			baseConfigurationReference = 2FD2159792292AF93E79B0C8 /* Pods-Sacrena.debug.xcconfig */;
			buildSettings = {
				ASSETCATALOG_COMPILER_APPICON_NAME = AppIcon;
				ASSETCATALOG_COMPILER_GLOBAL_ACCENT_COLOR_NAME = AccentColor;
				CODE_SIGN_STYLE = Automatic;
				CURRENT_PROJECT_VERSION = 1;
				ENABLE_TESTING_SEARCH_PATHS = NO;
				GENERATE_INFOPLIST_FILE = YES;
				INFOPLIST_FILE = Sacrena/Info.plist;
				INFOPLIST_KEY_UIApplicationSupportsIndirectInputEvents = YES;
				INFOPLIST_KEY_UILaunchStoryboardName = LaunchScreen;
				INFOPLIST_KEY_UIMainStoryboardFile = Main;
				INFOPLIST_KEY_UISupportedInterfaceOrientations_iPad = "UIInterfaceOrientationPortrait UIInterfaceOrientationPortraitUpsideDown UIInterfaceOrientationLandscapeLeft UIInterfaceOrientationLandscapeRight";
				INFOPLIST_KEY_UISupportedInterfaceOrientations_iPhone = "UIInterfaceOrientationPortrait UIInterfaceOrientationLandscapeLeft UIInterfaceOrientationLandscapeRight";
				LD_RUNPATH_SEARCH_PATHS = (
					"$(inherited)",
					"@executable_path/Frameworks",
				);
				MARKETING_VERSION = 1.0;
				PRODUCT_BUNDLE_IDENTIFIER = test.Sacrena;
				PRODUCT_NAME = "$(TARGET_NAME)";
				SWIFT_EMIT_LOC_STRINGS = YES;
				SWIFT_VERSION = 5.0;
				TARGETED_DEVICE_FAMILY = "1,2";
			};
			name = Debug;
		};
		549BDEEE2C993F26009F7F16 /* Release */ = {
			isa = XCBuildConfiguration;
			baseConfigurationReference = F8559499500D87B15517344B /* Pods-Sacrena.release.xcconfig */;
			buildSettings = {
				ASSETCATALOG_COMPILER_APPICON_NAME = AppIcon;
				ASSETCATALOG_COMPILER_GLOBAL_ACCENT_COLOR_NAME = AccentColor;
				CODE_SIGN_STYLE = Automatic;
				CURRENT_PROJECT_VERSION = 1;
				ENABLE_TESTING_SEARCH_PATHS = NO;
				GENERATE_INFOPLIST_FILE = YES;
				INFOPLIST_FILE = Sacrena/Info.plist;
				INFOPLIST_KEY_UIApplicationSupportsIndirectInputEvents = YES;
				INFOPLIST_KEY_UILaunchStoryboardName = LaunchScreen;
				INFOPLIST_KEY_UIMainStoryboardFile = Main;
				INFOPLIST_KEY_UISupportedInterfaceOrientations_iPad = "UIInterfaceOrientationPortrait UIInterfaceOrientationPortraitUpsideDown UIInterfaceOrientationLandscapeLeft UIInterfaceOrientationLandscapeRight";
				INFOPLIST_KEY_UISupportedInterfaceOrientations_iPhone = "UIInterfaceOrientationPortrait UIInterfaceOrientationLandscapeLeft UIInterfaceOrientationLandscapeRight";
				LD_RUNPATH_SEARCH_PATHS = (
					"$(inherited)",
					"@executable_path/Frameworks",
				);
				MARKETING_VERSION = 1.0;
				PRODUCT_BUNDLE_IDENTIFIER = test.Sacrena;
				PRODUCT_NAME = "$(TARGET_NAME)";
				SWIFT_EMIT_LOC_STRINGS = YES;
				SWIFT_VERSION = 5.0;
				TARGETED_DEVICE_FAMILY = "1,2";
			};
			name = Release;
		};
		54B3E8FC2C995B530063C5EB /* Debug */ = {
			isa = XCBuildConfiguration;
			buildSettings = {
				BUNDLE_LOADER = "$(TEST_HOST)";
				CODE_SIGN_STYLE = Automatic;
				CURRENT_PROJECT_VERSION = 1;
				GENERATE_INFOPLIST_FILE = YES;
				MARKETING_VERSION = 1.0;
				PRODUCT_BUNDLE_IDENTIFIER = test.SacrenaTests;
				PRODUCT_NAME = "$(TARGET_NAME)";
				SWIFT_EMIT_LOC_STRINGS = NO;
				SWIFT_VERSION = 5.0;
				TARGETED_DEVICE_FAMILY = "1,2";
				TEST_HOST = "$(BUILT_PRODUCTS_DIR)/Sacrena.app/$(BUNDLE_EXECUTABLE_FOLDER_PATH)/Sacrena";
			};
			name = Debug;
		};
		54B3E8FD2C995B530063C5EB /* Release */ = {
			isa = XCBuildConfiguration;
			buildSettings = {
				BUNDLE_LOADER = "$(TEST_HOST)";
				CODE_SIGN_STYLE = Automatic;
				CURRENT_PROJECT_VERSION = 1;
				GENERATE_INFOPLIST_FILE = YES;
				MARKETING_VERSION = 1.0;
				PRODUCT_BUNDLE_IDENTIFIER = test.SacrenaTests;
				PRODUCT_NAME = "$(TARGET_NAME)";
				SWIFT_EMIT_LOC_STRINGS = NO;
				SWIFT_VERSION = 5.0;
				TARGETED_DEVICE_FAMILY = "1,2";
				TEST_HOST = "$(BUILT_PRODUCTS_DIR)/Sacrena.app/$(BUNDLE_EXECUTABLE_FOLDER_PATH)/Sacrena";
			};
			name = Release;
		};
		54B3E90B2C995B810063C5EB /* Debug */ = {
			isa = XCBuildConfiguration;
			buildSettings = {
				CODE_SIGN_STYLE = Automatic;
				CURRENT_PROJECT_VERSION = 1;
				GENERATE_INFOPLIST_FILE = YES;
				MARKETING_VERSION = 1.0;
				PRODUCT_BUNDLE_IDENTIFIER = test.SacrenaUITests;
				PRODUCT_NAME = "$(TARGET_NAME)";
				SWIFT_EMIT_LOC_STRINGS = NO;
				SWIFT_VERSION = 5.0;
				TARGETED_DEVICE_FAMILY = "1,2";
				TEST_TARGET_NAME = Sacrena;
			};
			name = Debug;
		};
		54B3E90C2C995B810063C5EB /* Release */ = {
			isa = XCBuildConfiguration;
			buildSettings = {
				CODE_SIGN_STYLE = Automatic;
				CURRENT_PROJECT_VERSION = 1;
				GENERATE_INFOPLIST_FILE = YES;
				MARKETING_VERSION = 1.0;
				PRODUCT_BUNDLE_IDENTIFIER = test.SacrenaUITests;
				PRODUCT_NAME = "$(TARGET_NAME)";
				SWIFT_EMIT_LOC_STRINGS = NO;
				SWIFT_VERSION = 5.0;
				TARGETED_DEVICE_FAMILY = "1,2";
				TEST_TARGET_NAME = Sacrena;
			};
			name = Release;
		};
/* End XCBuildConfiguration section */

/* Begin XCConfigurationList section */
		549BDED32C993F24009F7F16 /* Build configuration list for PBXProject "Sacrena" */ = {
			isa = XCConfigurationList;
			buildConfigurations = (
				549BDEEA2C993F26009F7F16 /* Debug */,
				549BDEEB2C993F26009F7F16 /* Release */,
			);
			defaultConfigurationIsVisible = 0;
			defaultConfigurationName = Release;
		};
		549BDEEC2C993F26009F7F16 /* Build configuration list for PBXNativeTarget "Sacrena" */ = {
			isa = XCConfigurationList;
			buildConfigurations = (
				549BDEED2C993F26009F7F16 /* Debug */,
				549BDEEE2C993F26009F7F16 /* Release */,
			);
			defaultConfigurationIsVisible = 0;
			defaultConfigurationName = Release;
		};
		54B3E8FB2C995B530063C5EB /* Build configuration list for PBXNativeTarget "SacrenaTests" */ = {
			isa = XCConfigurationList;
			buildConfigurations = (
				54B3E8FC2C995B530063C5EB /* Debug */,
				54B3E8FD2C995B530063C5EB /* Release */,
			);
			defaultConfigurationIsVisible = 0;
			defaultConfigurationName = Release;
		};
		54B3E90A2C995B810063C5EB /* Build configuration list for PBXNativeTarget "SacrenaUITests" */ = {
			isa = XCConfigurationList;
			buildConfigurations = (
				54B3E90B2C995B810063C5EB /* Debug */,
				54B3E90C2C995B810063C5EB /* Release */,
			);
			defaultConfigurationIsVisible = 0;
			defaultConfigurationName = Release;
		};
/* End XCConfigurationList section */

/* Begin XCRemoteSwiftPackageReference section */
		54F58D392C99681A008CB190 /* XCRemoteSwiftPackageReference "stream-chat-swift" */ = {
			isa = XCRemoteSwiftPackageReference;
			repositoryURL = "https://github.com/GetStream/stream-chat-swift.git";
			requirement = {
				kind = upToNextMajorVersion;
				minimumVersion = 4.0.0;
			};
		};
/* End XCRemoteSwiftPackageReference section */

/* Begin XCSwiftPackageProductDependency section */
		54F58D3A2C99681A008CB190 /* StreamChat */ = {
			isa = XCSwiftPackageProductDependency;
			package = 54F58D392C99681A008CB190 /* XCRemoteSwiftPackageReference "stream-chat-swift" */;
			productName = StreamChat;
		};
/* End XCSwiftPackageProductDependency section */
	};
	rootObject = 549BDED02C993F24009F7F16 /* Project object */;
}
